
Microsoft Visual Studio Solution File, Format Version 12.00
# Visual Studio 15
VisualStudioVersion = 15.0.27130.2036
MinimumVisualStudioVersion = 10.0.40219.1
Project("{9A19103F-16F7-4668-BE54-9A1E7A4F7556}") = "ContosoUniversity", "ContosoUniversity.csproj", "{D7B22DEB-A3EA-4236-ABE2-0D6774B3ADCD}"
EndProject
Project("{00D1A9C2-B5F0-4AF3-8072-F6C62B433612}") = "ContosoUniversity.Db", "..\ContosoUniversity.Db\ContosoUniversity.Db.sqlproj", "{20E1DB72-BC36-45E3-BC48-B207EF434B7E}"
EndProject
Global
	GlobalSection(SolutionConfigurationPlatforms) = preSolution
		Debug|Any CPU = Debug|Any CPU
		Release|Any CPU = Release|Any CPU
	EndGlobalSection
	GlobalSection(ProjectConfigurationPlatforms) = postSolution
		{D7B22DEB-A3EA-4236-ABE2-0D6774B3ADCD}.Debug|Any CPU.ActiveCfg = Debug|Any CPU
		{D7B22DEB-A3EA-4236-ABE2-0D6774B3ADCD}.Debug|Any CPU.Build.0 = Debug|Any CPU
		{D7B22DEB-A3EA-4236-ABE2-0D6774B3ADCD}.Release|Any CPU.ActiveCfg = Release|Any CPU
		{D7B22DEB-A3EA-4236-ABE2-0D6774B3ADCD}.Release|Any CPU.Build.0 = Release|Any CPU
		{20E1DB72-BC36-45E3-BC48-B207EF434B7E}.Debug|Any CPU.ActiveCfg = Debug|Any CPU
		{20E1DB72-BC36-45E3-BC48-B207EF434B7E}.Debug|Any CPU.Build.0 = Debug|Any CPU
		{20E1DB72-BC36-45E3-BC48-B207EF434B7E}.Debug|Any CPU.Deploy.0 = Debug|Any CPU
		{20E1DB72-BC36-45E3-BC48-B207EF434B7E}.Release|Any CPU.ActiveCfg = Release|Any CPU
		{20E1DB72-BC36-45E3-BC48-B207EF434B7E}.Release|Any CPU.Build.0 = Release|Any CPU
		{20E1DB72-BC36-45E3-BC48-B207EF434B7E}.Release|Any CPU.Deploy.0 = Release|Any CPU
	EndGlobalSection
	GlobalSection(SolutionProperties) = preSolution
		HideSolutionNode = FALSE
	EndGlobalSection
	GlobalSection(ExtensibilityGlobals) = postSolution
		SolutionGuid = {3E68F82D-81F8-4EF4-B26C-665BD3190F4F}
	EndGlobalSection
EndGlobal
